
Microsoft Visual Studio Solution File, Format Version 12.00
# Visual Studio Version 17
VisualStudioVersion = 17.7.34031.279
MinimumVisualStudioVersion = 10.0.40219.1
Project("{2150E333-8FDC-42A3-9474-1A3956D46DE8}") = "1 - Presentation", "1 - Presentation", "{6D8538AF-203A-4C86-B5FF-1AFA74BC9985}"
EndProject
Project("{2150E333-8FDC-42A3-9474-1A3956D46DE8}") = "3 - Application", "3 - Application", "{606EE153-D2B9-4D25-BDEA-6EDE15EB00A3}"
EndProject
Project("{2150E333-8FDC-42A3-9474-1A3956D46DE8}") = "4 - Domain", "4 - Domain", "{E495935C-4A92-4139-A90F-F7AB8BDD285B}"
EndProject
Project("{2150E333-8FDC-42A3-9474-1A3956D46DE8}") = "5 - Infra", "5 - Infra", "{D1AB584B-2057-49F4-BC1F-E4D991289BEC}"
EndProject
Project("{2150E333-8FDC-42A3-9474-1A3956D46DE8}") = "4.1-Data", "4.1-Data", "{6858E91A-903B-48A6-87F7-166F7CE67204}"
EndProject
Project("{2150E333-8FDC-42A3-9474-1A3956D46DE8}") = "4.2 - Api", "4.2 - Api", "{F28669D2-2CA5-4A58-AD4C-773F45E3E4B4}"
EndProject
Project("{9A19103F-16F7-4668-BE54-9A1E7A4F7556}") = "Estudos.Web", "src\Estudos\Estudos.Web.csproj", "{605996D0-35BA-4D0B-92B3-80598F8073EF}"
EndProject
Project("{9A19103F-16F7-4668-BE54-9A1E7A4F7556}") = "Estudos.Data", "src\Estudos.Data\Estudos.Data.csproj", "{A0DDC8E0-094D-425D-AE5B-087FDFF28AF3}"
EndProject
Project("{9A19103F-16F7-4668-BE54-9A1E7A4F7556}") = "Estudos.Domain", "src\Estudos.Domain\Estudos.Domain.csproj", "{2F873401-6D7C-4EE3-81EC-A09AE9631269}"
EndProject
Project("{2150E333-8FDC-42A3-9474-1A3956D46DE8}") = "2 - Services", "2 - Services", "{9E304DB1-6A09-4AC7-9C3B-917B49EB2431}"
EndProject
Project("{9A19103F-16F7-4668-BE54-9A1E7A4F7556}") = "Estudos.Application", "src\Estudos.Application\Estudos.Application.csproj", "{C33A024F-6BE0-40D6-90C1-37FE8D521DB9}"
EndProject
Project("{9A19103F-16F7-4668-BE54-9A1E7A4F7556}") = "Estudos.Services.Api", "src\Estudos.Services.Api\Estudos.Services.Api.csproj", "{29B21D21-C3D9-4741-9427-7E2049EB3547}"
EndProject
Project("{2150E333-8FDC-42A3-9474-1A3956D46DE8}") = "4.3 - CrossCutting", "4.3 - CrossCutting", "{576C8C0F-4120-4ADA-A589-6F8D04C9D57C}"
EndProject
Project("{9A19103F-16F7-4668-BE54-9A1E7A4F7556}") = "Estudos.CrossCutting", "src\Estudos.CrossCutting\Estudos.CrossCutting.csproj", "{CB479133-016F-4654-8EEE-B8D9FBEF4E4E}"
EndProject
Project("{9A19103F-16F7-4668-BE54-9A1E7A4F7556}") = "Estudos.CrossCutting.IoC", "src\Estudos.CrossCutting.IoC\Estudos.CrossCutting.IoC.csproj", "{33F545DF-E107-43DE-B256-F38307B2000B}"
EndProject
Project("{2150E333-8FDC-42A3-9474-1A3956D46DE8}") = "6 - Testes", "6 - Testes", "{B2562AA3-367E-4075-BEEB-0C512D85696D}"
EndProject
Project("{FAE04EC0-301F-11D3-BF4B-00C04F79EFBC}") = "Estudos.Api.External", "src\Estudos.Api\Estudos.Api.External.csproj", "{256926E1-BBE6-8BDF-BEFB-EA0B25152395}"
EndProject
Project("{FAE04EC0-301F-11D3-BF4B-00C04F79EFBC}") = "Estudos.Aplication.Testes", "teste\Estudos.Aplication.Testes.csproj", "{6053BDEA-6759-E001-6637-D4ED0B3AB583}"
EndProject
Global
	GlobalSection(SolutionConfigurationPlatforms) = preSolution
		Debug|Any CPU = Debug|Any CPU
		Release|Any CPU = Release|Any CPU
	EndGlobalSection
	GlobalSection(ProjectConfigurationPlatforms) = postSolution
		{605996D0-35BA-4D0B-92B3-80598F8073EF}.Debug|Any CPU.ActiveCfg = Debug|Any CPU
		{605996D0-35BA-4D0B-92B3-80598F8073EF}.Debug|Any CPU.Build.0 = Debug|Any CPU
		{605996D0-35BA-4D0B-92B3-80598F8073EF}.Release|Any CPU.ActiveCfg = Release|Any CPU
		{605996D0-35BA-4D0B-92B3-80598F8073EF}.Release|Any CPU.Build.0 = Release|Any CPU
		{A0DDC8E0-094D-425D-AE5B-087FDFF28AF3}.Debug|Any CPU.ActiveCfg = Debug|Any CPU
		{A0DDC8E0-094D-425D-AE5B-087FDFF28AF3}.Debug|Any CPU.Build.0 = Debug|Any CPU
		{A0DDC8E0-094D-425D-AE5B-087FDFF28AF3}.Release|Any CPU.ActiveCfg = Release|Any CPU
		{A0DDC8E0-094D-425D-AE5B-087FDFF28AF3}.Release|Any CPU.Build.0 = Release|Any CPU
		{2F873401-6D7C-4EE3-81EC-A09AE9631269}.Debug|Any CPU.ActiveCfg = Debug|Any CPU
		{2F873401-6D7C-4EE3-81EC-A09AE9631269}.Debug|Any CPU.Build.0 = Debug|Any CPU
		{2F873401-6D7C-4EE3-81EC-A09AE9631269}.Release|Any CPU.ActiveCfg = Release|Any CPU
		{2F873401-6D7C-4EE3-81EC-A09AE9631269}.Release|Any CPU.Build.0 = Release|Any CPU
		{C33A024F-6BE0-40D6-90C1-37FE8D521DB9}.Debug|Any CPU.ActiveCfg = Debug|Any CPU
		{C33A024F-6BE0-40D6-90C1-37FE8D521DB9}.Debug|Any CPU.Build.0 = Debug|Any CPU
		{C33A024F-6BE0-40D6-90C1-37FE8D521DB9}.Release|Any CPU.ActiveCfg = Release|Any CPU
		{C33A024F-6BE0-40D6-90C1-37FE8D521DB9}.Release|Any CPU.Build.0 = Release|Any CPU
		{29B21D21-C3D9-4741-9427-7E2049EB3547}.Debug|Any CPU.ActiveCfg = Debug|Any CPU
		{29B21D21-C3D9-4741-9427-7E2049EB3547}.Debug|Any CPU.Build.0 = Debug|Any CPU
		{29B21D21-C3D9-4741-9427-7E2049EB3547}.Release|Any CPU.ActiveCfg = Release|Any CPU
		{29B21D21-C3D9-4741-9427-7E2049EB3547}.Release|Any CPU.Build.0 = Release|Any CPU
		{CB479133-016F-4654-8EEE-B8D9FBEF4E4E}.Debug|Any CPU.ActiveCfg = Debug|Any CPU
		{CB479133-016F-4654-8EEE-B8D9FBEF4E4E}.Debug|Any CPU.Build.0 = Debug|Any CPU
		{CB479133-016F-4654-8EEE-B8D9FBEF4E4E}.Release|Any CPU.ActiveCfg = Release|Any CPU
		{CB479133-016F-4654-8EEE-B8D9FBEF4E4E}.Release|Any CPU.Build.0 = Release|Any CPU
		{33F545DF-E107-43DE-B256-F38307B2000B}.Debug|Any CPU.ActiveCfg = Debug|Any CPU
		{33F545DF-E107-43DE-B256-F38307B2000B}.Debug|Any CPU.Build.0 = Debug|Any CPU
		{33F545DF-E107-43DE-B256-F38307B2000B}.Release|Any CPU.ActiveCfg = Release|Any CPU
		{33F545DF-E107-43DE-B256-F38307B2000B}.Release|Any CPU.Build.0 = Release|Any CPU
		{256926E1-BBE6-8BDF-BEFB-EA0B25152395}.Debug|Any CPU.ActiveCfg = Debug|Any CPU
		{256926E1-BBE6-8BDF-BEFB-EA0B25152395}.Debug|Any CPU.Build.0 = Debug|Any CPU
		{256926E1-BBE6-8BDF-BEFB-EA0B25152395}.Release|Any CPU.ActiveCfg = Release|Any CPU
		{256926E1-BBE6-8BDF-BEFB-EA0B25152395}.Release|Any CPU.Build.0 = Release|Any CPU
		{6053BDEA-6759-E001-6637-D4ED0B3AB583}.Debug|Any CPU.ActiveCfg = Debug|Any CPU
		{6053BDEA-6759-E001-6637-D4ED0B3AB583}.Debug|Any CPU.Build.0 = Debug|Any CPU
		{6053BDEA-6759-E001-6637-D4ED0B3AB583}.Release|Any CPU.ActiveCfg = Release|Any CPU
		{6053BDEA-6759-E001-6637-D4ED0B3AB583}.Release|Any CPU.Build.0 = Release|Any CPU
	EndGlobalSection
	GlobalSection(SolutionProperties) = preSolution
		HideSolutionNode = FALSE
	EndGlobalSection
	GlobalSection(NestedProjects) = preSolution
		{6858E91A-903B-48A6-87F7-166F7CE67204} = {D1AB584B-2057-49F4-BC1F-E4D991289BEC}
		{F28669D2-2CA5-4A58-AD4C-773F45E3E4B4} = {D1AB584B-2057-49F4-BC1F-E4D991289BEC}
		{605996D0-35BA-4D0B-92B3-80598F8073EF} = {6D8538AF-203A-4C86-B5FF-1AFA74BC9985}
		{A0DDC8E0-094D-425D-AE5B-087FDFF28AF3} = {6858E91A-903B-48A6-87F7-166F7CE67204}
		{2F873401-6D7C-4EE3-81EC-A09AE9631269} = {E495935C-4A92-4139-A90F-F7AB8BDD285B}
		{C33A024F-6BE0-40D6-90C1-37FE8D521DB9} = {606EE153-D2B9-4D25-BDEA-6EDE15EB00A3}
		{29B21D21-C3D9-4741-9427-7E2049EB3547} = {9E304DB1-6A09-4AC7-9C3B-917B49EB2431}
		{576C8C0F-4120-4ADA-A589-6F8D04C9D57C} = {D1AB584B-2057-49F4-BC1F-E4D991289BEC}
		{CB479133-016F-4654-8EEE-B8D9FBEF4E4E} = {576C8C0F-4120-4ADA-A589-6F8D04C9D57C}
		{33F545DF-E107-43DE-B256-F38307B2000B} = {576C8C0F-4120-4ADA-A589-6F8D04C9D57C}
		{256926E1-BBE6-8BDF-BEFB-EA0B25152395} = {F28669D2-2CA5-4A58-AD4C-773F45E3E4B4}
		{6053BDEA-6759-E001-6637-D4ED0B3AB583} = {B2562AA3-367E-4075-BEEB-0C512D85696D}
	EndGlobalSection
	GlobalSection(ExtensibilityGlobals) = postSolution
		SolutionGuid = {89473656-6063-4150-AD51-1C3F82D6CBBC}
	EndGlobalSection
EndGlobal
